
Microsoft Visual Studio Solution File, Format Version 12.00
# Visual Studio Version 16
VisualStudioVersion = 16.0.28803.352
MinimumVisualStudioVersion = 10.0.40219.1
Project("{9A19103F-16F7-4668-BE54-9A1E7A4F7556}") = "SSOTestAPI", "SSOTestAPI\SSOTestAPI.csproj", "{CAF418F3-9FAA-497F-B931-E88D85CFDCE9}"
EndProject
Global
	GlobalSection(SolutionConfigurationPlatforms) = preSolution
		Debug|Any CPU = Debug|Any CPU
		Release|Any CPU = Release|Any CPU
	EndGlobalSection
	GlobalSection(ProjectConfigurationPlatforms) = postSolution
		{CAF418F3-9FAA-497F-B931-E88D85CFDCE9}.Debug|Any CPU.ActiveCfg = Debug|Any CPU
		{CAF418F3-9FAA-497F-B931-E88D85CFDCE9}.Debug|Any CPU.Build.0 = Debug|Any CPU
		{CAF418F3-9FAA-497F-B931-E88D85CFDCE9}.Release|Any CPU.ActiveCfg = Release|Any CPU
		{CAF418F3-9FAA-497F-B931-E88D85CFDCE9}.Release|Any CPU.Build.0 = Release|Any CPU
	EndGlobalSection
	GlobalSection(SolutionProperties) = preSolution
		HideSolutionNode = FALSE
	EndGlobalSection
	GlobalSection(ExtensibilityGlobals) = postSolution
		SolutionGuid = {5FD73259-BC9C-4FA9-A111-7B6E85F19991}
	EndGlobalSection
EndGlobal
